
Microsoft Visual Studio Solution File, Format Version 12.00
# Visual Studio Version 17
VisualStudioVersion = 17.7.34018.315
MinimumVisualStudioVersion = 10.0.40219.1
Project("{8BC9CEB8-8B4A-11D0-8D11-00A0C91BC942}") = "teht1", "teht1\teht1.vcxproj", "{51F28226-0C5F-48A7-A6CF-421318774217}"
EndProject
Project("{8BC9CEB8-8B4A-11D0-8D11-00A0C91BC942}") = "teht2", "teht2\teht2.vcxproj", "{4076D927-E031-4561-90D6-1EB34AA1231D}"
EndProject
Project("{8BC9CEB8-8B4A-11D0-8D11-00A0C91BC942}") = "teht3", "teht3\teht3.vcxproj", "{54DD1F58-957D-4D12-A284-F5FC5A134D70}"
EndProject
Project("{8BC9CEB8-8B4A-11D0-8D11-00A0C91BC942}") = "teht4", "teht4\teht4.vcxproj", "{7D4340CB-F85B-41AF-9271-36AA5ED48AF5}"
EndProject
Project("{8BC9CEB8-8B4A-11D0-8D11-00A0C91BC942}") = "teht5", "teht5\teht5.vcxproj", "{2AAAC1BB-AD86-4267-82D8-F7624011A076}"
EndProject
Project("{8BC9CEB8-8B4A-11D0-8D11-00A0C91BC942}") = "teht6", "teht6\teht6.vcxproj", "{6F8912AA-E535-4D1A-A147-D403D57C776B}"
EndProject
Project("{8BC9CEB8-8B4A-11D0-8D11-00A0C91BC942}") = "miniprojekti1", "miniprojekti1\miniprojekti1.vcxproj", "{8A91B09B-6B6D-46C7-A4B4-FA10FB2F62EA}"
EndProject
Project("{8BC9CEB8-8B4A-11D0-8D11-00A0C91BC942}") = "miniprojekti2", "miniprojekti2\miniprojekti2.vcxproj", "{99ACB00A-CFD5-44ED-8062-D526BAEB5D17}"
EndProject
Global
	GlobalSection(SolutionConfigurationPlatforms) = preSolution
		Debug|x64 = Debug|x64
		Debug|x86 = Debug|x86
		Release|x64 = Release|x64
		Release|x86 = Release|x86
	EndGlobalSection
	GlobalSection(ProjectConfigurationPlatforms) = postSolution
		{51F28226-0C5F-48A7-A6CF-421318774217}.Debug|x64.ActiveCfg = Debug|x64
		{51F28226-0C5F-48A7-A6CF-421318774217}.Debug|x64.Build.0 = Debug|x64
		{51F28226-0C5F-48A7-A6CF-421318774217}.Debug|x86.ActiveCfg = Debug|Win32
		{51F28226-0C5F-48A7-A6CF-421318774217}.Debug|x86.Build.0 = Debug|Win32
		{51F28226-0C5F-48A7-A6CF-421318774217}.Release|x64.ActiveCfg = Release|x64
		{51F28226-0C5F-48A7-A6CF-421318774217}.Release|x64.Build.0 = Release|x64
		{51F28226-0C5F-48A7-A6CF-421318774217}.Release|x86.ActiveCfg = Release|Win32
		{51F28226-0C5F-48A7-A6CF-421318774217}.Release|x86.Build.0 = Release|Win32
		{4076D927-E031-4561-90D6-1EB34AA1231D}.Debug|x64.ActiveCfg = Debug|x64
		{4076D927-E031-4561-90D6-1EB34AA1231D}.Debug|x64.Build.0 = Debug|x64
		{4076D927-E031-4561-90D6-1EB34AA1231D}.Debug|x86.ActiveCfg = Debug|Win32
		{4076D927-E031-4561-90D6-1EB34AA1231D}.Debug|x86.Build.0 = Debug|Win32
		{4076D927-E031-4561-90D6-1EB34AA1231D}.Release|x64.ActiveCfg = Release|x64
		{4076D927-E031-4561-90D6-1EB34AA1231D}.Release|x64.Build.0 = Release|x64
		{4076D927-E031-4561-90D6-1EB34AA1231D}.Release|x86.ActiveCfg = Release|Win32
		{4076D927-E031-4561-90D6-1EB34AA1231D}.Release|x86.Build.0 = Release|Win32
		{54DD1F58-957D-4D12-A284-F5FC5A134D70}.Debug|x64.ActiveCfg = Debug|x64
		{54DD1F58-957D-4D12-A284-F5FC5A134D70}.Debug|x64.Build.0 = Debug|x64
		{54DD1F58-957D-4D12-A284-F5FC5A134D70}.Debug|x86.ActiveCfg = Debug|Win32
		{54DD1F58-957D-4D12-A284-F5FC5A134D70}.Debug|x86.Build.0 = Debug|Win32
		{54DD1F58-957D-4D12-A284-F5FC5A134D70}.Release|x64.ActiveCfg = Release|x64
		{54DD1F58-957D-4D12-A284-F5FC5A134D70}.Release|x64.Build.0 = Release|x64
		{54DD1F58-957D-4D12-A284-F5FC5A134D70}.Release|x86.ActiveCfg = Release|Win32
		{54DD1F58-957D-4D12-A284-F5FC5A134D70}.Release|x86.Build.0 = Release|Win32
		{7D4340CB-F85B-41AF-9271-36AA5ED48AF5}.Debug|x64.ActiveCfg = Debug|x64
		{7D4340CB-F85B-41AF-9271-36AA5ED48AF5}.Debug|x64.Build.0 = Debug|x64
		{7D4340CB-F85B-41AF-9271-36AA5ED48AF5}.Debug|x86.ActiveCfg = Debug|Win32
		{7D4340CB-F85B-41AF-9271-36AA5ED48AF5}.Debug|x86.Build.0 = Debug|Win32
		{7D4340CB-F85B-41AF-9271-36AA5ED48AF5}.Release|x64.ActiveCfg = Release|x64
		{7D4340CB-F85B-41AF-9271-36AA5ED48AF5}.Release|x64.Build.0 = Release|x64
		{7D4340CB-F85B-41AF-9271-36AA5ED48AF5}.Release|x86.ActiveCfg = Release|Win32
		{7D4340CB-F85B-41AF-9271-36AA5ED48AF5}.Release|x86.Build.0 = Release|Win32
		{2AAAC1BB-AD86-4267-82D8-F7624011A076}.Debug|x64.ActiveCfg = Debug|x64
		{2AAAC1BB-AD86-4267-82D8-F7624011A076}.Debug|x64.Build.0 = Debug|x64
		{2AAAC1BB-AD86-4267-82D8-F7624011A076}.Debug|x86.ActiveCfg = Debug|Win32
		{2AAAC1BB-AD86-4267-82D8-F7624011A076}.Debug|x86.Build.0 = Debug|Win32
		{2AAAC1BB-AD86-4267-82D8-F7624011A076}.Release|x64.ActiveCfg = Release|x64
		{2AAAC1BB-AD86-4267-82D8-F7624011A076}.Release|x64.Build.0 = Release|x64
		{2AAAC1BB-AD86-4267-82D8-F7624011A076}.Release|x86.ActiveCfg = Release|Win32
		{2AAAC1BB-AD86-4267-82D8-F7624011A076}.Release|x86.Build.0 = Release|Win32
		{6F8912AA-E535-4D1A-A147-D403D57C776B}.Debug|x64.ActiveCfg = Debug|x64
		{6F8912AA-E535-4D1A-A147-D403D57C776B}.Debug|x64.Build.0 = Debug|x64
		{6F8912AA-E535-4D1A-A147-D403D57C776B}.Debug|x86.ActiveCfg = Debug|Win32
		{6F8912AA-E535-4D1A-A147-D403D57C776B}.Debug|x86.Build.0 = Debug|Win32
		{6F8912AA-E535-4D1A-A147-D403D57C776B}.Release|x64.ActiveCfg = Release|x64
		{6F8912AA-E535-4D1A-A147-D403D57C776B}.Release|x64.Build.0 = Release|x64
		{6F8912AA-E535-4D1A-A147-D403D57C776B}.Release|x86.ActiveCfg = Release|Win32
		{6F8912AA-E535-4D1A-A147-D403D57C776B}.Release|x86.Build.0 = Release|Win32
		{8A91B09B-6B6D-46C7-A4B4-FA10FB2F62EA}.Debug|x64.ActiveCfg = Debug|x64
		{8A91B09B-6B6D-46C7-A4B4-FA10FB2F62EA}.Debug|x64.Build.0 = Debug|x64
		{8A91B09B-6B6D-46C7-A4B4-FA10FB2F62EA}.Debug|x86.ActiveCfg = Debug|Win32
		{8A91B09B-6B6D-46C7-A4B4-FA10FB2F62EA}.Debug|x86.Build.0 = Debug|Win32
		{8A91B09B-6B6D-46C7-A4B4-FA10FB2F62EA}.Release|x64.ActiveCfg = Release|x64
		{8A91B09B-6B6D-46C7-A4B4-FA10FB2F62EA}.Release|x64.Build.0 = Release|x64
		{8A91B09B-6B6D-46C7-A4B4-FA10FB2F62EA}.Release|x86.ActiveCfg = Release|Win32
		{8A91B09B-6B6D-46C7-A4B4-FA10FB2F62EA}.Release|x86.Build.0 = Release|Win32
		{99ACB00A-CFD5-44ED-8062-D526BAEB5D17}.Debug|x64.ActiveCfg = Debug|x64
		{99ACB00A-CFD5-44ED-8062-D526BAEB5D17}.Debug|x64.Build.0 = Debug|x64
		{99ACB00A-CFD5-44ED-8062-D526BAEB5D17}.Debug|x86.ActiveCfg = Debug|Win32
		{99ACB00A-CFD5-44ED-8062-D526BAEB5D17}.Debug|x86.Build.0 = Debug|Win32
		{99ACB00A-CFD5-44ED-8062-D526BAEB5D17}.Release|x64.ActiveCfg = Release|x64
		{99ACB00A-CFD5-44ED-8062-D526BAEB5D17}.Release|x64.Build.0 = Release|x64
		{99ACB00A-CFD5-44ED-8062-D526BAEB5D17}.Release|x86.ActiveCfg = Release|Win32
		{99ACB00A-CFD5-44ED-8062-D526BAEB5D17}.Release|x86.Build.0 = Release|Win32
	EndGlobalSection
	GlobalSection(SolutionProperties) = preSolution
		HideSolutionNode = FALSE
	EndGlobalSection
	GlobalSection(ExtensibilityGlobals) = postSolution
		SolutionGuid = {32388930-E3DF-4B4D-AA37-BE77861CAB96}
	EndGlobalSection
EndGlobal
